
Microsoft Visual Studio Solution File, Format Version 12.00
# Visual Studio Version 16
VisualStudioVersion = 16.0.29006.145
MinimumVisualStudioVersion = 10.0.40219.1
Project("{9A19103F-16F7-4668-BE54-9A1E7A4F7556}") = "PdfiumPrinter", "PdfiumPrinter\PdfiumPrinter.csproj", "{BDA39458-7C0B-4B4D-8C28-07EC47798CF6}"
EndProject
Project("{FAE04EC0-301F-11D3-BF4B-00C04F79EFBC}") = "PdfiumPrinter.Demo", "PdfiumPrinter.Demo\PdfiumPrinter.Demo.csproj", "{DC5B00DC-4AB8-45E6-9981-9C69B6DBACD8}"
EndProject
Global
	GlobalSection(SolutionConfigurationPlatforms) = preSolution
		Debug|Any CPU = Debug|Any CPU
		Release|Any CPU = Release|Any CPU
	EndGlobalSection
	GlobalSection(ProjectConfigurationPlatforms) = postSolution
		{BDA39458-7C0B-4B4D-8C28-07EC47798CF6}.Debug|Any CPU.ActiveCfg = Debug|Any CPU
		{BDA39458-7C0B-4B4D-8C28-07EC47798CF6}.Debug|Any CPU.Build.0 = Debug|Any CPU
		{BDA39458-7C0B-4B4D-8C28-07EC47798CF6}.Release|Any CPU.ActiveCfg = Release|Any CPU
		{BDA39458-7C0B-4B4D-8C28-07EC47798CF6}.Release|Any CPU.Build.0 = Release|Any CPU
		{DC5B00DC-4AB8-45E6-9981-9C69B6DBACD8}.Debug|Any CPU.ActiveCfg = Debug|Any CPU
		{DC5B00DC-4AB8-45E6-9981-9C69B6DBACD8}.Debug|Any CPU.Build.0 = Debug|Any CPU
		{DC5B00DC-4AB8-45E6-9981-9C69B6DBACD8}.Release|Any CPU.ActiveCfg = Release|Any CPU
		{DC5B00DC-4AB8-45E6-9981-9C69B6DBACD8}.Release|Any CPU.Build.0 = Release|Any CPU
	EndGlobalSection
	GlobalSection(SolutionProperties) = preSolution
		HideSolutionNode = FALSE
	EndGlobalSection
	GlobalSection(ExtensibilityGlobals) = postSolution
		SolutionGuid = {EBBFD794-8A48-4294-802C-8D314C8D2D88}
	EndGlobalSection
EndGlobal
